{
  "originHash" : "7298760f371c2931ea823eef6d1d75ccb6391fd4888428ec159324ee63bb8a9d",
  "pins" : [
    {
      "identity" : "dbscan",
      "kind" : "remoteSourceControl",
      "location" : "https://github.com/NSHipster/DBSCAN",
      "state" : {
        "revision" : "785f9dde344ead54132fed58611a35fec1fe82e5",
        "version" : "0.0.2"
      }
    }
  ],
  "version" : 3
}
